
Microsoft Visual Studio Solution File, Format Version 12.00
# Visual Studio 2015
Project("{FAE04EC0-301F-11D3-BF4B-00C04F79EFBC}") = "AssetBundleTestDemo.CSharp", "AssetBundleTestDemo.CSharp.csproj", "{5921DBE3-38EF-9E7F-3AE3-CC3503B61F1E}"
EndProject
Global
	GlobalSection(SolutionConfigurationPlatforms) = preSolution
		Debug|Any CPU = Debug|Any CPU
		Release|Any CPU = Release|Any CPU
	EndGlobalSection
	GlobalSection(ProjectConfigurationPlatforms) = postSolution
		{5921DBE3-38EF-9E7F-3AE3-CC3503B61F1E}.Debug|Any CPU.ActiveCfg = Debug|Any CPU
		{5921DBE3-38EF-9E7F-3AE3-CC3503B61F1E}.Debug|Any CPU.Build.0 = Debug|Any CPU
		{5921DBE3-38EF-9E7F-3AE3-CC3503B61F1E}.Release|Any CPU.ActiveCfg = Release|Any CPU
		{5921DBE3-38EF-9E7F-3AE3-CC3503B61F1E}.Release|Any CPU.Build.0 = Release|Any CPU
	EndGlobalSection
	GlobalSection(SolutionProperties) = preSolution
		HideSolutionNode = FALSE
	EndGlobalSection
EndGlobal
